<?xml version="1.0" encoding="utf-8"?>
<Project ToolsVersion="4.0" xmlns="http://schemas.microsoft.com/developer/msbuild/2003">
  <ItemGroup>
    <FxCompile Include="ColorShader.fx" />
    <FxCompile Include="Transform.fx">
      <Filter>Header</Filter>
    </FxCompile>
    <FxCompile Include="RenderBase.fx">
      <Filter>Header</Filter>
    </FxCompile>
    <FxCompile Include="TextureShader.fx">
      <Filter>2D</Filter>
    </FxCompile>
    <FxCompile Include="DebugColorShader.fx">
      <Filter>Debug</Filter>
    </FxCompile>
    <FxCompile Include="DebugLineShader.fx">
      <Filter>Debug</Filter>
    </FxCompile>
    <FxCompile Include="TargetMerge.fx">
      <Filter>Target</Filter>
    </FxCompile>
    <FxCompile Include="FadePostEffect.fx">
      <Filter>Effect</Filter>
    </FxCompile>
  </ItemGroup>
  <ItemGroup>
    <Filter Include="Header">
      <UniqueIdentifier>{0b5a6258-b4e1-4ac3-b72f-d13f6e2ee75a}</UniqueIdentifier>
    </Filter>
    <Filter Include="2D">
      <UniqueIdentifier>{d0bfa3e7-cd8e-466c-8a72-eb0f887802e7}</UniqueIdentifier>
    </Filter>
    <Filter Include="Debug">
      <UniqueIdentifier>{db2bb517-8a6b-4922-b210-2bf82b91160e}</UniqueIdentifier>
    </Filter>
    <Filter Include="Target">
      <UniqueIdentifier>{3db9f9b6-a05b-4876-9349-b18f42b1af3e}</UniqueIdentifier>
    </Filter>
    <Filter Include="Effect">
      <UniqueIdentifier>{e0d29def-a1ae-4b00-979d-e58c5461d922}</UniqueIdentifier>
    </Filter>
  </ItemGroup>
</Project>