<?xml version="1.0" encoding="utf-8"?>
<Project ToolsVersion="4.0" xmlns="http://schemas.microsoft.com/developer/msbuild/2003">
  <ItemGroup>
    <ClInclude Include="ContentsCore.h" />
    <ClInclude Include="PreCompile.h">
      <Filter>PreCompile</Filter>
    </ClInclude>
    <ClInclude Include="FirstBossStage.h">
      <Filter>Level\8. FirstBossStage</Filter>
    </ClInclude>
    <ClInclude Include="LogoLevel.h">
      <Filter>Level\1. Logo</Filter>
    </ClInclude>
    <ClInclude Include="MenuLevel.h">
      <Filter>Level\3. Menu</Filter>
    </ClInclude>
    <ClInclude Include="MiniMapLevel.h">
      <Filter>Level\7. MiniMap</Filter>
    </ClInclude>
    <ClInclude Include="SecondBossStage.h">
      <Filter>Level\9. SecondBossStage</Filter>
    </ClInclude>
    <ClInclude Include="TitleLevel.h">
      <Filter>Level\2. Title</Filter>
    </ClInclude>
    <ClInclude Include="TutorialStage.h">
      <Filter>Level\6. Tutorial</Filter>
    </ClInclude>
    <ClInclude Include="CupHeadEnum.h">
      <Filter>Global\Enum</Filter>
    </ClInclude>
    <ClInclude Include="ActorEnum.h">
      <Filter>Global\Enum</Filter>
    </ClInclude>
    <ClInclude Include="SelectMenu.h">
      <Filter>Level\3. Menu\MenuActor</Filter>
    </ClInclude>
    <ClInclude Include="MiniMapEnter.h">
      <Filter>Level\7. MiniMap\MiniMapActor</Filter>
    </ClInclude>
    <ClInclude Include="MiniMapCharacter.h">
      <Filter>Level\7. MiniMap\MiniMapActor</Filter>
    </ClInclude>
    <ClInclude Include="BaseCharacter.h">
      <Filter>Global\Actor\Character</Filter>
    </ClInclude>
    <ClInclude Include="BackGround.h">
      <Filter>Global\Actor\BackGround</Filter>
    </ClInclude>
    <ClInclude Include="UpperObject.h">
      <Filter>Global\Actor\Map</Filter>
    </ClInclude>
    <ClInclude Include="Map.h">
      <Filter>Global\Actor\Map</Filter>
    </ClInclude>
    <ClInclude Include="OutroLevel.h">
      <Filter>Level\11. Outro</Filter>
    </ClInclude>
    <ClInclude Include="IntroLevel.h">
      <Filter>Level\4. Intro</Filter>
    </ClInclude>
    <ClInclude Include="OutroBook.h">
      <Filter>Level\11. Outro\OutroActor</Filter>
    </ClInclude>
    <ClInclude Include="IntroBook.h">
      <Filter>Level\4. Intro\IntroActor</Filter>
    </ClInclude>
    <ClInclude Include="Bullet.h">
      <Filter>Global\Actor\Bullet</Filter>
    </ClInclude>
    <ClInclude Include="SpecialBullet.h">
      <Filter>Global\Actor\Bullet</Filter>
    </ClInclude>
    <ClInclude Include="FirstBoss.h">
      <Filter>Level\8. FirstBossStage\FirstBossStageActor</Filter>
    </ClInclude>
    <ClInclude Include="FadeObject.h">
      <Filter>Global\StageEffect\Fade</Filter>
    </ClInclude>
    <ClInclude Include="JumpDust.h">
      <Filter>Global\Actor\Character\Effect</Filter>
    </ClInclude>
    <ClInclude Include="ParryEffect.h">
      <Filter>Global\Actor\Character\Effect</Filter>
    </ClInclude>
    <ClInclude Include="DashDust.h">
      <Filter>Global\Actor\Character\Effect</Filter>
    </ClInclude>
    <ClInclude Include="SpecialAttackDust.h">
      <Filter>Global\Actor\Character\Effect</Filter>
    </ClInclude>
    <ClInclude Include="RunDust.h">
      <Filter>Global\Actor\Character\Effect</Filter>
    </ClInclude>
    <ClInclude Include="FirstBossMoveDust.h">
      <Filter>Level\8. FirstBossStage\FirstBossStageActor\Effect</Filter>
    </ClInclude>
    <ClInclude Include="FirstBossPhase3Effect.h">
      <Filter>Level\8. FirstBossStage\FirstBossStageActor\Effect</Filter>
    </ClInclude>
    <ClInclude Include="PirateBullet.h">
      <Filter>Level\9. SecondBossStage\SecondBossStageActor\PirateBullet</Filter>
    </ClInclude>
    <ClInclude Include="StageFailUI.h">
      <Filter>Global\StageEffect</Filter>
    </ClInclude>
    <ClInclude Include="StageClearUI.h">
      <Filter>Global\StageEffect</Filter>
    </ClInclude>
    <ClInclude Include="StageStartUI.h">
      <Filter>Global\StageEffect</Filter>
    </ClInclude>
    <ClInclude Include="CannonBallDust.h">
      <Filter>Level\9. SecondBossStage\SecondBossStageActor\ShipAttack\ShipCannon</Filter>
    </ClInclude>
    <ClInclude Include="CannonBall.h">
      <Filter>Level\9. SecondBossStage\SecondBossStageActor\ShipAttack\ShipCannon</Filter>
    </ClInclude>
    <ClInclude Include="Periscope.h">
      <Filter>Level\9. SecondBossStage\SecondBossStageActor\Enemy</Filter>
    </ClInclude>
    <ClInclude Include="Barrel.h">
      <Filter>Level\9. SecondBossStage\SecondBossStageActor\Enemy\Barrel</Filter>
    </ClInclude>
    <ClInclude Include="DogFish.h">
      <Filter>Level\9. SecondBossStage\SecondBossStageActor\Enemy\DogFish</Filter>
    </ClInclude>
    <ClInclude Include="Shark.h">
      <Filter>Level\9. SecondBossStage\SecondBossStageActor\Enemy\Shark</Filter>
    </ClInclude>
    <ClInclude Include="PirateBoss.h">
      <Filter>Level\9. SecondBossStage\SecondBossStageActor\Pirate</Filter>
    </ClInclude>
    <ClInclude Include="ShipBoss.h">
      <Filter>Level\9. SecondBossStage\SecondBossStageActor\Ship</Filter>
    </ClInclude>
    <ClInclude Include="Whistle_Effect.h">
      <Filter>Level\9. SecondBossStage\SecondBossStageActor\Pirate</Filter>
    </ClInclude>
    <ClInclude Include="Shark_SplashEffect.h">
      <Filter>Level\9. SecondBossStage\SecondBossStageActor\Enemy\Shark</Filter>
    </ClInclude>
    <ClInclude Include="DogFish_Splash.h">
      <Filter>Level\9. SecondBossStage\SecondBossStageActor\Enemy\DogFish</Filter>
    </ClInclude>
    <ClInclude Include="DogFish_DeathEffect.h">
      <Filter>Level\9. SecondBossStage\SecondBossStageActor\Enemy\DogFish</Filter>
    </ClInclude>
    <ClInclude Include="ShipBubble.h">
      <Filter>Level\9. SecondBossStage\SecondBossStageActor\ShipAttack\ShipBubble</Filter>
    </ClInclude>
    <ClInclude Include="ShipBeam.h">
      <Filter>Level\9. SecondBossStage\SecondBossStageActor\ShipAttack\ShipBeam</Filter>
    </ClInclude>
    <ClInclude Include="PirateBulletParry.h">
      <Filter>Level\9. SecondBossStage\SecondBossStageActor\PirateBullet</Filter>
    </ClInclude>
    <ClInclude Include="TestStage.h">
      <Filter>Level</Filter>
    </ClInclude>
    <ClInclude Include="LevelChangeWindow.h">
      <Filter>Global\Tool</Filter>
    </ClInclude>
    <ClInclude Include="FirstBossCollisionData.h">
      <Filter>Level\8. FirstBossStage\FirstBossStageActor</Filter>
    </ClInclude>
    <ClInclude Include="FirstBossPhase3.h">
      <Filter>Level\8. FirstBossStage\FirstBossStageActor\Phase3</Filter>
    </ClInclude>
    <ClInclude Include="FirstMapParryObject.h">
      <Filter>Level\8. FirstBossStage\FirstBossStageActor\Parry</Filter>
    </ClInclude>
    <ClInclude Include="DebugWindow.h">
      <Filter>Global\Tool</Filter>
    </ClInclude>
    <ClInclude Include="BaseActor.h">
      <Filter>Global\Actor\Base</Filter>
    </ClInclude>
    <ClInclude Include="BaseBoss.h">
      <Filter>Global\Actor\Base</Filter>
    </ClInclude>
    <ClInclude Include="LoadingObject.h">
      <Filter>Global\StageEffect</Filter>
    </ClInclude>
    <ClInclude Include="StageLevel.h">
      <Filter>Global\Level</Filter>
    </ClInclude>
    <ClInclude Include="ParryObject.h">
      <Filter>Global\Level</Filter>
    </ClInclude>
    <ClInclude Include="MiniMapFlag.h">
      <Filter>Level\7. MiniMap\MiniMapActor</Filter>
    </ClInclude>
  </ItemGroup>
  <ItemGroup>
    <ClCompile Include="ContentsCore.cpp" />
    <ClCompile Include="PreCompile.cpp">
      <Filter>PreCompile</Filter>
    </ClCompile>
    <ClCompile Include="FirstBossStage.cpp">
      <Filter>Level\8. FirstBossStage</Filter>
    </ClCompile>
    <ClCompile Include="LogoLevel.cpp">
      <Filter>Level\1. Logo</Filter>
    </ClCompile>
    <ClCompile Include="MenuLevel.cpp">
      <Filter>Level\3. Menu</Filter>
    </ClCompile>
    <ClCompile Include="MiniMapLevel.cpp">
      <Filter>Level\7. MiniMap</Filter>
    </ClCompile>
    <ClCompile Include="SecondBossStage.cpp">
      <Filter>Level\9. SecondBossStage</Filter>
    </ClCompile>
    <ClCompile Include="TitleLevel.cpp">
      <Filter>Level\2. Title</Filter>
    </ClCompile>
    <ClCompile Include="TutorialStage.cpp">
      <Filter>Level\6. Tutorial</Filter>
    </ClCompile>
    <ClCompile Include="SelectMenu.cpp">
      <Filter>Level\3. Menu\MenuActor</Filter>
    </ClCompile>
    <ClCompile Include="MiniMapEnter.cpp">
      <Filter>Level\7. MiniMap\MiniMapActor</Filter>
    </ClCompile>
    <ClCompile Include="MiniMapCharacter_State.cpp">
      <Filter>Level\7. MiniMap\MiniMapActor</Filter>
    </ClCompile>
    <ClCompile Include="MiniMapCharacter.cpp">
      <Filter>Level\7. MiniMap\MiniMapActor</Filter>
    </ClCompile>
    <ClCompile Include="BaseCharacter.cpp">
      <Filter>Global\Actor\Character</Filter>
    </ClCompile>
    <ClCompile Include="BaseCharacter_Shoot_State.cpp">
      <Filter>Global\Actor\Character</Filter>
    </ClCompile>
    <ClCompile Include="BaseCharacter_State.cpp">
      <Filter>Global\Actor\Character</Filter>
    </ClCompile>
    <ClCompile Include="BackGround.cpp">
      <Filter>Global\Actor\BackGround</Filter>
    </ClCompile>
    <ClCompile Include="UpperObject.cpp">
      <Filter>Global\Actor\Map</Filter>
    </ClCompile>
    <ClCompile Include="Map.cpp">
      <Filter>Global\Actor\Map</Filter>
    </ClCompile>
    <ClCompile Include="OutroLevel.cpp">
      <Filter>Level\11. Outro</Filter>
    </ClCompile>
    <ClCompile Include="IntroLevel.cpp">
      <Filter>Level\4. Intro</Filter>
    </ClCompile>
    <ClCompile Include="OutroBook.cpp">
      <Filter>Level\11. Outro\OutroActor</Filter>
    </ClCompile>
    <ClCompile Include="IntroBook.cpp">
      <Filter>Level\4. Intro\IntroActor</Filter>
    </ClCompile>
    <ClCompile Include="Bullet.cpp">
      <Filter>Global\Actor\Bullet</Filter>
    </ClCompile>
    <ClCompile Include="Bullet_State.cpp">
      <Filter>Global\Actor\Bullet</Filter>
    </ClCompile>
    <ClCompile Include="SpecialBullet.cpp">
      <Filter>Global\Actor\Bullet</Filter>
    </ClCompile>
    <ClCompile Include="BaseCharacter_SpecialAttack.cpp">
      <Filter>Global\Actor\Character</Filter>
    </ClCompile>
    <ClCompile Include="FirstBoss.cpp">
      <Filter>Level\8. FirstBossStage\FirstBossStageActor</Filter>
    </ClCompile>
    <ClCompile Include="FadeObject.cpp">
      <Filter>Global\StageEffect\Fade</Filter>
    </ClCompile>
    <ClCompile Include="FirstBoss_State.cpp">
      <Filter>Level\8. FirstBossStage\FirstBossStageActor</Filter>
    </ClCompile>
    <ClCompile Include="Character_Effect.cpp">
      <Filter>Global\Actor\Character</Filter>
    </ClCompile>
    <ClCompile Include="JumpDust.cpp">
      <Filter>Global\Actor\Character\Effect</Filter>
    </ClCompile>
    <ClCompile Include="ParryEffect.cpp">
      <Filter>Global\Actor\Character\Effect</Filter>
    </ClCompile>
    <ClCompile Include="DashDust.cpp">
      <Filter>Global\Actor\Character\Effect</Filter>
    </ClCompile>
    <ClCompile Include="SpecialAttackDust.cpp">
      <Filter>Global\Actor\Character\Effect</Filter>
    </ClCompile>
    <ClCompile Include="RunDust.cpp">
      <Filter>Global\Actor\Character\Effect</Filter>
    </ClCompile>
    <ClCompile Include="FirstBossMoveDust.cpp">
      <Filter>Level\8. FirstBossStage\FirstBossStageActor\Effect</Filter>
    </ClCompile>
    <ClCompile Include="FirstBossPhase3Effect.cpp">
      <Filter>Level\8. FirstBossStage\FirstBossStageActor\Effect</Filter>
    </ClCompile>
    <ClCompile Include="PirateBullet.cpp">
      <Filter>Level\9. SecondBossStage\SecondBossStageActor\PirateBullet</Filter>
    </ClCompile>
    <ClCompile Include="StageFailUI.cpp">
      <Filter>Global\StageEffect</Filter>
    </ClCompile>
    <ClCompile Include="StageClearUI.cpp">
      <Filter>Global\StageEffect</Filter>
    </ClCompile>
    <ClCompile Include="StageStartUI.cpp">
      <Filter>Global\StageEffect</Filter>
    </ClCompile>
    <ClCompile Include="CannonBallDust.cpp">
      <Filter>Level\9. SecondBossStage\SecondBossStageActor\ShipAttack\ShipCannon</Filter>
    </ClCompile>
    <ClCompile Include="CannonBall.cpp">
      <Filter>Level\9. SecondBossStage\SecondBossStageActor\ShipAttack\ShipCannon</Filter>
    </ClCompile>
    <ClCompile Include="Periscope.cpp">
      <Filter>Level\9. SecondBossStage\SecondBossStageActor\Enemy</Filter>
    </ClCompile>
    <ClCompile Include="Barrel_State.cpp">
      <Filter>Level\9. SecondBossStage\SecondBossStageActor\Enemy\Barrel</Filter>
    </ClCompile>
    <ClCompile Include="Barrel.cpp">
      <Filter>Level\9. SecondBossStage\SecondBossStageActor\Enemy\Barrel</Filter>
    </ClCompile>
    <ClCompile Include="DogFish.cpp">
      <Filter>Level\9. SecondBossStage\SecondBossStageActor\Enemy\DogFish</Filter>
    </ClCompile>
    <ClCompile Include="DogFish_State.cpp">
      <Filter>Level\9. SecondBossStage\SecondBossStageActor\Enemy\DogFish</Filter>
    </ClCompile>
    <ClCompile Include="Shark.cpp">
      <Filter>Level\9. SecondBossStage\SecondBossStageActor\Enemy\Shark</Filter>
    </ClCompile>
    <ClCompile Include="Shark_State.cpp">
      <Filter>Level\9. SecondBossStage\SecondBossStageActor\Enemy\Shark</Filter>
    </ClCompile>
    <ClCompile Include="PirateBoss_State.cpp">
      <Filter>Level\9. SecondBossStage\SecondBossStageActor\Pirate</Filter>
    </ClCompile>
    <ClCompile Include="PirateBoss.cpp">
      <Filter>Level\9. SecondBossStage\SecondBossStageActor\Pirate</Filter>
    </ClCompile>
    <ClCompile Include="ShipBoss.cpp">
      <Filter>Level\9. SecondBossStage\SecondBossStageActor\Ship</Filter>
    </ClCompile>
    <ClCompile Include="ShipBoss_State.cpp">
      <Filter>Level\9. SecondBossStage\SecondBossStageActor\Ship</Filter>
    </ClCompile>
    <ClCompile Include="Whistle_Effect.cpp">
      <Filter>Level\9. SecondBossStage\SecondBossStageActor\Pirate</Filter>
    </ClCompile>
    <ClCompile Include="Shark_SplashEffect.cpp">
      <Filter>Level\9. SecondBossStage\SecondBossStageActor\Enemy\Shark</Filter>
    </ClCompile>
    <ClCompile Include="DogFish_Splash.cpp">
      <Filter>Level\9. SecondBossStage\SecondBossStageActor\Enemy\DogFish</Filter>
    </ClCompile>
    <ClCompile Include="DogFish_DeathEffect.cpp">
      <Filter>Level\9. SecondBossStage\SecondBossStageActor\Enemy\DogFish</Filter>
    </ClCompile>
    <ClCompile Include="ShipBubble.cpp">
      <Filter>Level\9. SecondBossStage\SecondBossStageActor\ShipAttack\ShipBubble</Filter>
    </ClCompile>
    <ClCompile Include="ShipBeam.cpp">
      <Filter>Level\9. SecondBossStage\SecondBossStageActor\ShipAttack\ShipBeam</Filter>
    </ClCompile>
    <ClCompile Include="PirateBulletParry.cpp">
      <Filter>Level\9. SecondBossStage\SecondBossStageActor\PirateBullet</Filter>
    </ClCompile>
    <ClCompile Include="TestStage.cpp">
      <Filter>Level</Filter>
    </ClCompile>
    <ClCompile Include="LevelChangeWindow.cpp">
      <Filter>Global\Tool</Filter>
    </ClCompile>
    <ClCompile Include="FirstBossPhase3.cpp">
      <Filter>Level\8. FirstBossStage\FirstBossStageActor\Phase3</Filter>
    </ClCompile>
    <ClCompile Include="FirstBossPhase3_State.cpp">
      <Filter>Level\8. FirstBossStage\FirstBossStageActor\Phase3</Filter>
    </ClCompile>
    <ClCompile Include="FirstMapParryObject.cpp">
      <Filter>Level\8. FirstBossStage\FirstBossStageActor\Parry</Filter>
    </ClCompile>
    <ClCompile Include="DebugWindow.cpp">
      <Filter>Global\Tool</Filter>
    </ClCompile>
    <ClCompile Include="BaseActor.cpp">
      <Filter>Global\Actor\Base</Filter>
    </ClCompile>
    <ClCompile Include="BaseBoss.cpp">
      <Filter>Global\Actor\Base</Filter>
    </ClCompile>
    <ClCompile Include="LoadingObject.cpp">
      <Filter>Global\StageEffect</Filter>
    </ClCompile>
    <ClCompile Include="StageLevel.cpp">
      <Filter>Global\Level</Filter>
    </ClCompile>
    <ClCompile Include="ParryObject.cpp">
      <Filter>Global\Level</Filter>
    </ClCompile>
    <ClCompile Include="MiniMapFlag.cpp">
      <Filter>Level\7. MiniMap\MiniMapActor</Filter>
    </ClCompile>
  </ItemGroup>
  <ItemGroup>
    <Filter Include="Level">
      <UniqueIdentifier>{a19a38e0-b7b1-4028-8b7a-561ffbdd99f6}</UniqueIdentifier>
    </Filter>
    <Filter Include="PreCompile">
      <UniqueIdentifier>{9ad5767c-5a0d-42fd-b7bd-59ba144bacc3}</UniqueIdentifier>
    </Filter>
    <Filter Include="Global">
      <UniqueIdentifier>{9d4bde5e-6608-4d08-aedd-397f19625d78}</UniqueIdentifier>
    </Filter>
    <Filter Include="Level\1. Logo">
      <UniqueIdentifier>{096cae90-882e-4025-b3df-3755d902c2dc}</UniqueIdentifier>
    </Filter>
    <Filter Include="Level\2. Title">
      <UniqueIdentifier>{f6a7cfbb-241b-463c-a823-46a50f81057e}</UniqueIdentifier>
    </Filter>
    <Filter Include="Level\3. Menu">
      <UniqueIdentifier>{80b84fbf-3b98-47ff-8eb7-e5ab5b9454f6}</UniqueIdentifier>
    </Filter>
    <Filter Include="Level\4. Intro">
      <UniqueIdentifier>{78ac67bd-80b7-4799-b652-179d59482a48}</UniqueIdentifier>
    </Filter>
    <Filter Include="Level\5. Elder">
      <UniqueIdentifier>{ee659898-ec94-4d15-a600-c8160a133f96}</UniqueIdentifier>
    </Filter>
    <Filter Include="Level\6. Tutorial">
      <UniqueIdentifier>{7ebb7514-88f6-4b7b-ab10-7502e13338fc}</UniqueIdentifier>
    </Filter>
    <Filter Include="Level\7. MiniMap">
      <UniqueIdentifier>{8ffe6679-c0e4-4d86-bbef-b2a79288aa5b}</UniqueIdentifier>
    </Filter>
    <Filter Include="Level\8. FirstBossStage">
      <UniqueIdentifier>{38cf6695-93f2-4cdc-ac1b-20be32c38c0f}</UniqueIdentifier>
    </Filter>
    <Filter Include="Level\9. SecondBossStage">
      <UniqueIdentifier>{02bc01cc-a455-4639-b9df-b25839ed9df6}</UniqueIdentifier>
    </Filter>
    <Filter Include="Level\10. LastBossStage">
      <UniqueIdentifier>{45435d38-5ce5-4c81-b8fd-2acf7f82a0bf}</UniqueIdentifier>
    </Filter>
    <Filter Include="Level\11. Outro">
      <UniqueIdentifier>{d6741ea3-bd7a-4923-9bbb-dca04c5d237e}</UniqueIdentifier>
    </Filter>
    <Filter Include="Level\3. Menu\MenuActor">
      <UniqueIdentifier>{2d67a95c-64a1-4669-84e2-84d23b0e64e8}</UniqueIdentifier>
    </Filter>
    <Filter Include="Level\4. Intro\IntroActor">
      <UniqueIdentifier>{191c639a-d635-4cd1-8045-af620d2d1c7e}</UniqueIdentifier>
    </Filter>
    <Filter Include="Level\5. Elder\ElderActor">
      <UniqueIdentifier>{70956535-5298-44a9-aa3e-478dcae14661}</UniqueIdentifier>
    </Filter>
    <Filter Include="Level\7. MiniMap\MiniMapActor">
      <UniqueIdentifier>{489d1c94-3703-4799-9cac-db509789ec86}</UniqueIdentifier>
    </Filter>
    <Filter Include="Level\8. FirstBossStage\FirstBossStageActor">
      <UniqueIdentifier>{433f4eb6-1c3d-4a27-9454-5e101c42b04c}</UniqueIdentifier>
    </Filter>
    <Filter Include="Level\9. SecondBossStage\SecondBossStageActor">
      <UniqueIdentifier>{175169d8-1c19-4fb1-ae3f-3d6744264a85}</UniqueIdentifier>
    </Filter>
    <Filter Include="Level\10. LastBossStage\LastBossStageActor">
      <UniqueIdentifier>{4bc9a201-ead2-4c98-80aa-9bfd4e14f7c9}</UniqueIdentifier>
    </Filter>
    <Filter Include="Level\11. Outro\OutroActor">
      <UniqueIdentifier>{53270b86-ee47-4e28-aae4-49b91e75b1f6}</UniqueIdentifier>
    </Filter>
    <Filter Include="Global\Enum">
      <UniqueIdentifier>{e41849ce-40a6-45be-b06d-ebd07d314e51}</UniqueIdentifier>
    </Filter>
    <Filter Include="Level\8. FirstBossStage\FirstBossStageActor\Effect">
      <UniqueIdentifier>{dcf193ea-a223-4db2-85b2-c464f476879f}</UniqueIdentifier>
    </Filter>
    <Filter Include="Level\9. SecondBossStage\SecondBossStageActor\PirateBullet">
      <UniqueIdentifier>{f84a79c9-4c10-4ed2-88a8-7b75ae11addd}</UniqueIdentifier>
    </Filter>
    <Filter Include="Global\StageEffect">
      <UniqueIdentifier>{2c170efc-d8be-4d48-96aa-ab525ea29bca}</UniqueIdentifier>
    </Filter>
    <Filter Include="Level\9. SecondBossStage\SecondBossStageActor\Enemy">
      <UniqueIdentifier>{3e4030c6-4dc4-4b4a-a87c-76066d276ed4}</UniqueIdentifier>
    </Filter>
    <Filter Include="Level\9. SecondBossStage\SecondBossStageActor\Enemy\Barrel">
      <UniqueIdentifier>{c09082e7-7967-4893-9aca-765f2ecbe86b}</UniqueIdentifier>
    </Filter>
    <Filter Include="Level\9. SecondBossStage\SecondBossStageActor\Enemy\DogFish">
      <UniqueIdentifier>{b6f8a986-5585-4a16-b94f-c1fdb15a2859}</UniqueIdentifier>
    </Filter>
    <Filter Include="Level\9. SecondBossStage\SecondBossStageActor\Enemy\Shark">
      <UniqueIdentifier>{217b88c0-cb2e-4d25-bacc-8faf7ce8096d}</UniqueIdentifier>
    </Filter>
    <Filter Include="Level\9. SecondBossStage\SecondBossStageActor\Pirate">
      <UniqueIdentifier>{7a5510b7-f035-450a-9cd8-fdf40dd515f1}</UniqueIdentifier>
    </Filter>
    <Filter Include="Level\9. SecondBossStage\SecondBossStageActor\Ship">
      <UniqueIdentifier>{58882584-3913-444d-8b9e-d45108b30505}</UniqueIdentifier>
    </Filter>
    <Filter Include="Level\9. SecondBossStage\SecondBossStageActor\ShipAttack">
      <UniqueIdentifier>{302e30e9-cbf5-43fa-ace1-6e3f801811c3}</UniqueIdentifier>
    </Filter>
    <Filter Include="Level\9. SecondBossStage\SecondBossStageActor\ShipAttack\ShipCannon">
      <UniqueIdentifier>{148e33fa-9262-4e46-8042-d02c642d8d97}</UniqueIdentifier>
    </Filter>
    <Filter Include="Level\9. SecondBossStage\SecondBossStageActor\ShipAttack\ShipBubble">
      <UniqueIdentifier>{4e8cc82b-93da-4def-b41f-5a41f4388d09}</UniqueIdentifier>
    </Filter>
    <Filter Include="Level\9. SecondBossStage\SecondBossStageActor\ShipAttack\ShipBeam">
      <UniqueIdentifier>{0a72068d-4ae0-486b-bd73-5bac0268b3a3}</UniqueIdentifier>
    </Filter>
    <Filter Include="Global\Tool">
      <UniqueIdentifier>{3c209ce3-ce97-4c3a-bf09-1dccaa6ec8cc}</UniqueIdentifier>
    </Filter>
    <Filter Include="Level\8. FirstBossStage\FirstBossStageActor\Phase3">
      <UniqueIdentifier>{12ab8224-1101-4a3e-b75f-633a09eaa56c}</UniqueIdentifier>
    </Filter>
    <Filter Include="Level\8. FirstBossStage\FirstBossStageActor\Parry">
      <UniqueIdentifier>{d88a1204-af80-4ea7-ad3b-eba5980fc66c}</UniqueIdentifier>
    </Filter>
    <Filter Include="Global\Actor">
      <UniqueIdentifier>{30335d94-4245-4619-9e5a-416187ee6bfd}</UniqueIdentifier>
    </Filter>
    <Filter Include="Global\Actor\BackGround">
      <UniqueIdentifier>{14805544-157a-4d78-bea8-168b28b39a69}</UniqueIdentifier>
    </Filter>
    <Filter Include="Global\Actor\Bullet">
      <UniqueIdentifier>{b8da8222-5c14-482a-bd6d-d2ab54344955}</UniqueIdentifier>
    </Filter>
    <Filter Include="Global\Actor\Character">
      <UniqueIdentifier>{dc55b77e-ef78-429a-bf71-5aacf4954626}</UniqueIdentifier>
    </Filter>
    <Filter Include="Global\Actor\Character\Effect">
      <UniqueIdentifier>{0f0f7058-91de-441e-8d4e-8c8b8d97f705}</UniqueIdentifier>
    </Filter>
    <Filter Include="Global\Actor\Map">
      <UniqueIdentifier>{f79cbb9b-b5b9-46f0-bc4f-240ba8291fff}</UniqueIdentifier>
    </Filter>
    <Filter Include="Global\Level">
      <UniqueIdentifier>{c684b0bb-5050-419d-a16b-1c39ac567311}</UniqueIdentifier>
    </Filter>
    <Filter Include="Global\StageEffect\Fade">
      <UniqueIdentifier>{ca99aac8-a100-4cb5-a35c-b2e81b25e082}</UniqueIdentifier>
    </Filter>
    <Filter Include="Global\Actor\Base">
      <UniqueIdentifier>{1d75083e-48b9-4baa-8c4d-db90c94fa0fa}</UniqueIdentifier>
    </Filter>
  </ItemGroup>
</Project>