<?xml version="1.0" encoding="utf-8"?>
<Project ToolsVersion="4.0" xmlns="http://schemas.microsoft.com/developer/msbuild/2003">
  <ItemGroup>
    <ClInclude Include="ContentsCore.h" />
    <ClInclude Include="PreCompile.h">
      <Filter>PreCompile</Filter>
    </ClInclude>
    <ClInclude Include="CupHeadEnum.h">
      <Filter>Global</Filter>
    </ClInclude>
    <ClInclude Include="LogoLevel.h">
      <Filter>Level\UILevel</Filter>
    </ClInclude>
    <ClInclude Include="TitleLevel.h">
      <Filter>Level\UILevel</Filter>
    </ClInclude>
    <ClInclude Include="StoryLevel.h">
      <Filter>Level\UILevel</Filter>
    </ClInclude>
    <ClInclude Include="ActorEnum.h">
      <Filter>Global</Filter>
    </ClInclude>
    <ClInclude Include="BaseCharacter.h">
      <Filter>Actor\Character</Filter>
    </ClInclude>
    <ClInclude Include="BaseActor.h">
      <Filter>Actor</Filter>
    </ClInclude>
    <ClInclude Include="FirstBossStage.h">
      <Filter>Level\PlayLevel</Filter>
    </ClInclude>
    <ClInclude Include="MiniMapCharacter.h">
      <Filter>Actor\MiniMap</Filter>
    </ClInclude>
    <ClInclude Include="MenuLevel.h">
      <Filter>Level\UILevel</Filter>
    </ClInclude>
    <ClInclude Include="FadeObject.h">
      <Filter>Global</Filter>
    </ClInclude>
    <ClInclude Include="MiniMapEnter.h">
      <Filter>Actor\MiniMap</Filter>
    </ClInclude>
    <ClInclude Include="BackGround.h">
      <Filter>Actor\Etc</Filter>
    </ClInclude>
    <ClInclude Include="Map.h">
      <Filter>Actor\Etc</Filter>
    </ClInclude>
    <ClInclude Include="SelectMenu.h">
      <Filter>Actor\Etc</Filter>
    </ClInclude>
    <ClInclude Include="TutorialStage.h">
      <Filter>Level\PlayLevel</Filter>
    </ClInclude>
    <ClInclude Include="MiniMapLevel.h">
      <Filter>Level\MiniMapLevel</Filter>
    </ClInclude>
    <ClInclude Include="Bullet.h">
      <Filter>Actor\Bullet</Filter>
    </ClInclude>
    <ClInclude Include="LoadingObject.h">
      <Filter>Global</Filter>
    </ClInclude>
  </ItemGroup>
  <ItemGroup>
    <ClCompile Include="ContentsCore.cpp" />
    <ClCompile Include="PreCompile.cpp">
      <Filter>PreCompile</Filter>
    </ClCompile>
    <ClCompile Include="LogoLevel.cpp">
      <Filter>Level\UILevel</Filter>
    </ClCompile>
    <ClCompile Include="TitleLevel.cpp">
      <Filter>Level\UILevel</Filter>
    </ClCompile>
    <ClCompile Include="StoryLevel.cpp">
      <Filter>Level\UILevel</Filter>
    </ClCompile>
    <ClCompile Include="BaseCharacter.cpp">
      <Filter>Actor\Character</Filter>
    </ClCompile>
    <ClCompile Include="BaseCharacter_State.cpp">
      <Filter>Actor\Character</Filter>
    </ClCompile>
    <ClCompile Include="BaseActor.cpp">
      <Filter>Actor</Filter>
    </ClCompile>
    <ClCompile Include="BaseCharacter_Shoot_State.cpp">
      <Filter>Actor\Character</Filter>
    </ClCompile>
    <ClCompile Include="FirstBossStage.cpp">
      <Filter>Level\PlayLevel</Filter>
    </ClCompile>
    <ClCompile Include="MiniMapCharacter.cpp">
      <Filter>Actor\MiniMap</Filter>
    </ClCompile>
    <ClCompile Include="MiniMapCharacter_State.cpp">
      <Filter>Actor\MiniMap</Filter>
    </ClCompile>
    <ClCompile Include="MenuLevel.cpp">
      <Filter>Level\UILevel</Filter>
    </ClCompile>
    <ClCompile Include="FadeObject.cpp">
      <Filter>Global</Filter>
    </ClCompile>
    <ClCompile Include="MiniMapEnter.cpp">
      <Filter>Actor\MiniMap</Filter>
    </ClCompile>
    <ClCompile Include="BackGround.cpp">
      <Filter>Actor\Etc</Filter>
    </ClCompile>
    <ClCompile Include="Map.cpp">
      <Filter>Actor\Etc</Filter>
    </ClCompile>
    <ClCompile Include="SelectMenu.cpp">
      <Filter>Actor\Etc</Filter>
    </ClCompile>
    <ClCompile Include="TutorialStage.cpp">
      <Filter>Level\PlayLevel</Filter>
    </ClCompile>
    <ClCompile Include="MiniMapLevel.cpp">
      <Filter>Level\MiniMapLevel</Filter>
    </ClCompile>
    <ClCompile Include="Bullet.cpp">
      <Filter>Actor\Bullet</Filter>
    </ClCompile>
    <ClCompile Include="Bullet_State.cpp">
      <Filter>Actor\Bullet</Filter>
    </ClCompile>
    <ClCompile Include="LoadingObject.cpp">
      <Filter>Global</Filter>
    </ClCompile>
  </ItemGroup>
  <ItemGroup>
    <Filter Include="Level">
      <UniqueIdentifier>{a19a38e0-b7b1-4028-8b7a-561ffbdd99f6}</UniqueIdentifier>
    </Filter>
    <Filter Include="Actor">
      <UniqueIdentifier>{58eadaa7-1c12-4058-a532-87253017239d}</UniqueIdentifier>
    </Filter>
    <Filter Include="PreCompile">
      <UniqueIdentifier>{9ad5767c-5a0d-42fd-b7bd-59ba144bacc3}</UniqueIdentifier>
    </Filter>
    <Filter Include="Global">
      <UniqueIdentifier>{9d4bde5e-6608-4d08-aedd-397f19625d78}</UniqueIdentifier>
    </Filter>
    <Filter Include="Level\UILevel">
      <UniqueIdentifier>{65e77174-741e-4c2c-a7f6-2aed7cca14a9}</UniqueIdentifier>
    </Filter>
    <Filter Include="Level\PlayLevel">
      <UniqueIdentifier>{fcb6b039-482f-4568-9afa-75412533f43f}</UniqueIdentifier>
    </Filter>
    <Filter Include="Actor\Boss">
      <UniqueIdentifier>{94dd5ab7-7064-47ab-a630-cab23fbecd70}</UniqueIdentifier>
    </Filter>
    <Filter Include="Actor\Character">
      <UniqueIdentifier>{5c1e6902-e740-47e8-9154-7378be7e2777}</UniqueIdentifier>
    </Filter>
    <Filter Include="Actor\MiniMap">
      <UniqueIdentifier>{983c635e-3cbd-47f4-9702-c8a1b1de45ce}</UniqueIdentifier>
    </Filter>
    <Filter Include="Actor\Etc">
      <UniqueIdentifier>{c8f58765-657a-47c9-bcd4-19e6cafa812f}</UniqueIdentifier>
    </Filter>
    <Filter Include="Level\MiniMapLevel">
      <UniqueIdentifier>{19b02982-2e08-48f5-8016-312f39f6fe0f}</UniqueIdentifier>
    </Filter>
    <Filter Include="Actor\Bullet">
      <UniqueIdentifier>{4e4ac9cd-1018-4a3b-8af6-be50aa0bb39c}</UniqueIdentifier>
    </Filter>
  </ItemGroup>
</Project>