<?xml version="1.0" encoding="utf-8"?>
<Project ToolsVersion="4.0" xmlns="http://schemas.microsoft.com/developer/msbuild/2003">
  <ItemGroup>
    <ClInclude Include="ContentsCore.h" />
    <ClInclude Include="Player.h">
      <Filter>Actor</Filter>
    </ClInclude>
    <ClInclude Include="PreCompile.h">
      <Filter>PreCompile</Filter>
    </ClInclude>
    <ClInclude Include="BackGround.h">
      <Filter>Actor</Filter>
    </ClInclude>
    <ClInclude Include="CupHeadEnum.h">
      <Filter>Global</Filter>
    </ClInclude>
    <ClInclude Include="LogoLevel.h">
      <Filter>Level\UILevel</Filter>
    </ClInclude>
    <ClInclude Include="TitleLevel.h">
      <Filter>Level\UILevel</Filter>
    </ClInclude>
    <ClInclude Include="PlayLevel.h">
      <Filter>Level\PlayLevel</Filter>
    </ClInclude>
  </ItemGroup>
  <ItemGroup>
    <ClCompile Include="ContentsCore.cpp" />
    <ClCompile Include="Player.cpp">
      <Filter>Actor</Filter>
    </ClCompile>
    <ClCompile Include="PreCompile.cpp">
      <Filter>PreCompile</Filter>
    </ClCompile>
    <ClCompile Include="BackGround.cpp">
      <Filter>Actor</Filter>
    </ClCompile>
    <ClCompile Include="LogoLevel.cpp">
      <Filter>Level\UILevel</Filter>
    </ClCompile>
    <ClCompile Include="TitleLevel.cpp">
      <Filter>Level\UILevel</Filter>
    </ClCompile>
    <ClCompile Include="PlayLevel.cpp">
      <Filter>Level\PlayLevel</Filter>
    </ClCompile>
  </ItemGroup>
  <ItemGroup>
    <Filter Include="Level">
      <UniqueIdentifier>{a19a38e0-b7b1-4028-8b7a-561ffbdd99f6}</UniqueIdentifier>
    </Filter>
    <Filter Include="Actor">
      <UniqueIdentifier>{58eadaa7-1c12-4058-a532-87253017239d}</UniqueIdentifier>
    </Filter>
    <Filter Include="PreCompile">
      <UniqueIdentifier>{9ad5767c-5a0d-42fd-b7bd-59ba144bacc3}</UniqueIdentifier>
    </Filter>
    <Filter Include="Global">
      <UniqueIdentifier>{9d4bde5e-6608-4d08-aedd-397f19625d78}</UniqueIdentifier>
    </Filter>
    <Filter Include="Level\UILevel">
      <UniqueIdentifier>{65e77174-741e-4c2c-a7f6-2aed7cca14a9}</UniqueIdentifier>
    </Filter>
    <Filter Include="Level\PlayLevel">
      <UniqueIdentifier>{fcb6b039-482f-4568-9afa-75412533f43f}</UniqueIdentifier>
    </Filter>
  </ItemGroup>
</Project>